
Microsoft Visual Studio Solution File, Format Version 12.00
# Visual Studio Version 17
VisualStudioVersion = 17.2.32616.157
MinimumVisualStudioVersion = 10.0.40219.1
Project("{FAE04EC0-301F-11D3-BF4B-00C04F79EFBC}") = "CRUM", "CRUM\CRUM.csproj", "{4DE2B242-68A1-4A21-822B-8C4F50B95E5D}"
EndProject
Global
	GlobalSection(SolutionConfigurationPlatforms) = preSolution
		Debug|Any CPU = Debug|Any CPU
		Release|Any CPU = Release|Any CPU
	EndGlobalSection
	GlobalSection(ProjectConfigurationPlatforms) = postSolution
		{4DE2B242-68A1-4A21-822B-8C4F50B95E5D}.Debug|Any CPU.ActiveCfg = Debug|Any CPU
		{4DE2B242-68A1-4A21-822B-8C4F50B95E5D}.Debug|Any CPU.Build.0 = Debug|Any CPU
		{4DE2B242-68A1-4A21-822B-8C4F50B95E5D}.Release|Any CPU.ActiveCfg = Release|Any CPU
		{4DE2B242-68A1-4A21-822B-8C4F50B95E5D}.Release|Any CPU.Build.0 = Release|Any CPU
	EndGlobalSection
	GlobalSection(SolutionProperties) = preSolution
		HideSolutionNode = FALSE
	EndGlobalSection
	GlobalSection(ExtensibilityGlobals) = postSolution
		SolutionGuid = {2649008B-16CA-4D2F-B80C-D1AE806358DA}
	EndGlobalSection
EndGlobal
